
Microsoft Visual Studio Solution File, Format Version 12.00
# Visual Studio 15
VisualStudioVersion = 15.0.28307.779
MinimumVisualStudioVersion = 10.0.40219.1
Project("{8BC9CEB8-8B4A-11D0-8D11-00A0C91BC942}") = "wlac2_all", "wlac2_all.vcxproj", "{8064A1B3-0F15-4479-BC5F-975B5FA49A22}"
EndProject
Project("{2150E333-8FDC-42A3-9474-1A3956D46DE8}") = "libs", "libs", "{F767D1FB-9C38-4483-9E26-9B2562B443C5}"
EndProject
Project("{8BC9CEB8-8B4A-11D0-8D11-00A0C91BC942}") = "newwinldap", "..\..\prj\libs\newwinldap_vs\newwinldap.vcxproj", "{70D8ED40-C65A-44D1-B718-E9331ADFC989}"
EndProject
Project("{2150E333-8FDC-42A3-9474-1A3956D46DE8}") = "sunrpc", "sunrpc", "{9024B266-58FC-4965-82B5-779E9C86CA03}"
EndProject
Project("{8BC9CEB8-8B4A-11D0-8D11-00A0C91BC942}") = "sunrpc_initial", "..\..\prj\libs\sunrpc_initial_vs\sunrpc_initial.vcxproj", "{D71B7002-49BA-443E-8E94-D09C3D24A6A5}"
EndProject
Project("{8BC9CEB8-8B4A-11D0-8D11-00A0C91BC942}") = "sunrpc", "..\..\prj\libs\sunrpc_vs\sunrpc.vcxproj", "{C9B0EEA2-46F6-4C63-805C-FDE80D840F5D}"
	ProjectSection(ProjectDependencies) = postProject
		{D71B7002-49BA-443E-8E94-D09C3D24A6A5} = {D71B7002-49BA-443E-8E94-D09C3D24A6A5}
	EndProjectSection
EndProject
Project("{8BC9CEB8-8B4A-11D0-8D11-00A0C91BC942}") = "usergroupid", "..\..\prj\libs\usergroupid_vs\usergroupid.vcxproj", "{24A96CB6-8A8E-4A57-9D90-31E6AEABDA49}"
EndProject
Project("{8BC9CEB8-8B4A-11D0-8D11-00A0C91BC942}") = "wlac2", "..\..\prj\libs\wlac2_vs\wlac2.vcxproj", "{3A980FA3-A81B-45F0-BDBF-BF9C228AA2CB}"
	ProjectSection(ProjectDependencies) = postProject
		{A2CFC8AA-5E29-46B0-B922-96464E494AB5} = {A2CFC8AA-5E29-46B0-B922-96464E494AB5}
	EndProjectSection
EndProject
Project("{2150E333-8FDC-42A3-9474-1A3956D46DE8}") = "tests", "tests", "{AC316B05-1EEF-4836-8E59-F4F3A3EC4C0E}"
EndProject
Project("{8BC9CEB8-8B4A-11D0-8D11-00A0C91BC942}") = "hash_table_tests", "..\..\prj\tests\hash_table_tests_vs\hash_table_tests.vcxproj", "{21F3CF6B-90EE-4FF7-8C2C-63C730B1EA96}"
EndProject
Project("{8BC9CEB8-8B4A-11D0-8D11-00A0C91BC942}") = "rfc2", "..\..\prj\libs\rfc2_vs\rfc2.vcxproj", "{A2CFC8AA-5E29-46B0-B922-96464E494AB5}"
EndProject
Project("{8BC9CEB8-8B4A-11D0-8D11-00A0C91BC942}") = "librfc2_trojan_test", "..\..\prj\tests\librfc2_trojan_test_vs\librfc2_trojan_test.vcxproj", "{E128EA74-073A-4B2A-9B7F-11DA405A900D}"
EndProject
Project("{8BC9CEB8-8B4A-11D0-8D11-00A0C91BC942}") = "rfc2_signal_receiver_test", "..\..\prj\tests\rfc2_signal_receiver_test_vs\rfc2_signal_receiver_test.vcxproj", "{FF95871D-191D-47D0-9E46-73EE7B639AA3}"
EndProject
Project("{8BC9CEB8-8B4A-11D0-8D11-00A0C91BC942}") = "rfc2_signal_sender_test", "..\..\prj\tests\rfc2_signal_sender_test_vs\rfc2_signal_sender_test.vcxproj", "{DDF9E0F2-319A-4330-8910-5E3F96EE549C}"
	ProjectSection(ProjectDependencies) = postProject
		{A2CFC8AA-5E29-46B0-B922-96464E494AB5} = {A2CFC8AA-5E29-46B0-B922-96464E494AB5}
	EndProjectSection
EndProject
Global
	GlobalSection(SolutionConfigurationPlatforms) = preSolution
		Debug|ARM = Debug|ARM
		Debug|x64 = Debug|x64
		Debug|x86 = Debug|x86
		Release|ARM = Release|ARM
		Release|x64 = Release|x64
		Release|x86 = Release|x86
	EndGlobalSection
	GlobalSection(ProjectConfigurationPlatforms) = postSolution
		{8064A1B3-0F15-4479-BC5F-975B5FA49A22}.Debug|ARM.ActiveCfg = Debug|ARM
		{8064A1B3-0F15-4479-BC5F-975B5FA49A22}.Debug|ARM.Build.0 = Debug|ARM
		{8064A1B3-0F15-4479-BC5F-975B5FA49A22}.Debug|x64.ActiveCfg = Debug|x64
		{8064A1B3-0F15-4479-BC5F-975B5FA49A22}.Debug|x64.Build.0 = Debug|x64
		{8064A1B3-0F15-4479-BC5F-975B5FA49A22}.Debug|x86.ActiveCfg = Debug|Win32
		{8064A1B3-0F15-4479-BC5F-975B5FA49A22}.Debug|x86.Build.0 = Debug|Win32
		{8064A1B3-0F15-4479-BC5F-975B5FA49A22}.Release|ARM.ActiveCfg = Release|ARM
		{8064A1B3-0F15-4479-BC5F-975B5FA49A22}.Release|ARM.Build.0 = Release|ARM
		{8064A1B3-0F15-4479-BC5F-975B5FA49A22}.Release|x64.ActiveCfg = Release|x64
		{8064A1B3-0F15-4479-BC5F-975B5FA49A22}.Release|x64.Build.0 = Release|x64
		{8064A1B3-0F15-4479-BC5F-975B5FA49A22}.Release|x86.ActiveCfg = Release|Win32
		{8064A1B3-0F15-4479-BC5F-975B5FA49A22}.Release|x86.Build.0 = Release|Win32
		{70D8ED40-C65A-44D1-B718-E9331ADFC989}.Debug|ARM.ActiveCfg = Debug|ARM
		{70D8ED40-C65A-44D1-B718-E9331ADFC989}.Debug|ARM.Build.0 = Debug|ARM
		{70D8ED40-C65A-44D1-B718-E9331ADFC989}.Debug|x64.ActiveCfg = Debug|x64
		{70D8ED40-C65A-44D1-B718-E9331ADFC989}.Debug|x64.Build.0 = Debug|x64
		{70D8ED40-C65A-44D1-B718-E9331ADFC989}.Debug|x86.ActiveCfg = Debug|Win32
		{70D8ED40-C65A-44D1-B718-E9331ADFC989}.Debug|x86.Build.0 = Debug|Win32
		{70D8ED40-C65A-44D1-B718-E9331ADFC989}.Release|ARM.ActiveCfg = Release|ARM
		{70D8ED40-C65A-44D1-B718-E9331ADFC989}.Release|ARM.Build.0 = Release|ARM
		{70D8ED40-C65A-44D1-B718-E9331ADFC989}.Release|x64.ActiveCfg = Release|x64
		{70D8ED40-C65A-44D1-B718-E9331ADFC989}.Release|x64.Build.0 = Release|x64
		{70D8ED40-C65A-44D1-B718-E9331ADFC989}.Release|x86.ActiveCfg = Release|Win32
		{70D8ED40-C65A-44D1-B718-E9331ADFC989}.Release|x86.Build.0 = Release|Win32
		{D71B7002-49BA-443E-8E94-D09C3D24A6A5}.Debug|ARM.ActiveCfg = Debug|ARM
		{D71B7002-49BA-443E-8E94-D09C3D24A6A5}.Debug|ARM.Build.0 = Debug|ARM
		{D71B7002-49BA-443E-8E94-D09C3D24A6A5}.Debug|x64.ActiveCfg = Debug|x64
		{D71B7002-49BA-443E-8E94-D09C3D24A6A5}.Debug|x64.Build.0 = Debug|x64
		{D71B7002-49BA-443E-8E94-D09C3D24A6A5}.Debug|x86.ActiveCfg = Debug|Win32
		{D71B7002-49BA-443E-8E94-D09C3D24A6A5}.Debug|x86.Build.0 = Debug|Win32
		{D71B7002-49BA-443E-8E94-D09C3D24A6A5}.Release|ARM.ActiveCfg = Release|ARM
		{D71B7002-49BA-443E-8E94-D09C3D24A6A5}.Release|ARM.Build.0 = Release|ARM
		{D71B7002-49BA-443E-8E94-D09C3D24A6A5}.Release|x64.ActiveCfg = Release|x64
		{D71B7002-49BA-443E-8E94-D09C3D24A6A5}.Release|x64.Build.0 = Release|x64
		{D71B7002-49BA-443E-8E94-D09C3D24A6A5}.Release|x86.ActiveCfg = Release|Win32
		{D71B7002-49BA-443E-8E94-D09C3D24A6A5}.Release|x86.Build.0 = Release|Win32
		{C9B0EEA2-46F6-4C63-805C-FDE80D840F5D}.Debug|ARM.ActiveCfg = Debug|ARM
		{C9B0EEA2-46F6-4C63-805C-FDE80D840F5D}.Debug|ARM.Build.0 = Debug|ARM
		{C9B0EEA2-46F6-4C63-805C-FDE80D840F5D}.Debug|x64.ActiveCfg = Debug|x64
		{C9B0EEA2-46F6-4C63-805C-FDE80D840F5D}.Debug|x64.Build.0 = Debug|x64
		{C9B0EEA2-46F6-4C63-805C-FDE80D840F5D}.Debug|x86.ActiveCfg = Debug|Win32
		{C9B0EEA2-46F6-4C63-805C-FDE80D840F5D}.Debug|x86.Build.0 = Debug|Win32
		{C9B0EEA2-46F6-4C63-805C-FDE80D840F5D}.Release|ARM.ActiveCfg = Release|ARM
		{C9B0EEA2-46F6-4C63-805C-FDE80D840F5D}.Release|ARM.Build.0 = Release|ARM
		{C9B0EEA2-46F6-4C63-805C-FDE80D840F5D}.Release|x64.ActiveCfg = Release|x64
		{C9B0EEA2-46F6-4C63-805C-FDE80D840F5D}.Release|x64.Build.0 = Release|x64
		{C9B0EEA2-46F6-4C63-805C-FDE80D840F5D}.Release|x86.ActiveCfg = Release|Win32
		{C9B0EEA2-46F6-4C63-805C-FDE80D840F5D}.Release|x86.Build.0 = Release|Win32
		{24A96CB6-8A8E-4A57-9D90-31E6AEABDA49}.Debug|ARM.ActiveCfg = Debug|ARM
		{24A96CB6-8A8E-4A57-9D90-31E6AEABDA49}.Debug|ARM.Build.0 = Debug|ARM
		{24A96CB6-8A8E-4A57-9D90-31E6AEABDA49}.Debug|x64.ActiveCfg = Debug|x64
		{24A96CB6-8A8E-4A57-9D90-31E6AEABDA49}.Debug|x64.Build.0 = Debug|x64
		{24A96CB6-8A8E-4A57-9D90-31E6AEABDA49}.Debug|x86.ActiveCfg = Debug|Win32
		{24A96CB6-8A8E-4A57-9D90-31E6AEABDA49}.Debug|x86.Build.0 = Debug|Win32
		{24A96CB6-8A8E-4A57-9D90-31E6AEABDA49}.Release|ARM.ActiveCfg = Release|ARM
		{24A96CB6-8A8E-4A57-9D90-31E6AEABDA49}.Release|ARM.Build.0 = Release|ARM
		{24A96CB6-8A8E-4A57-9D90-31E6AEABDA49}.Release|x64.ActiveCfg = Release|x64
		{24A96CB6-8A8E-4A57-9D90-31E6AEABDA49}.Release|x64.Build.0 = Release|x64
		{24A96CB6-8A8E-4A57-9D90-31E6AEABDA49}.Release|x86.ActiveCfg = Release|Win32
		{24A96CB6-8A8E-4A57-9D90-31E6AEABDA49}.Release|x86.Build.0 = Release|Win32
		{3A980FA3-A81B-45F0-BDBF-BF9C228AA2CB}.Debug|ARM.ActiveCfg = Debug|ARM
		{3A980FA3-A81B-45F0-BDBF-BF9C228AA2CB}.Debug|ARM.Build.0 = Debug|ARM
		{3A980FA3-A81B-45F0-BDBF-BF9C228AA2CB}.Debug|x64.ActiveCfg = Debug|x64
		{3A980FA3-A81B-45F0-BDBF-BF9C228AA2CB}.Debug|x64.Build.0 = Debug|x64
		{3A980FA3-A81B-45F0-BDBF-BF9C228AA2CB}.Debug|x86.ActiveCfg = Debug|Win32
		{3A980FA3-A81B-45F0-BDBF-BF9C228AA2CB}.Debug|x86.Build.0 = Debug|Win32
		{3A980FA3-A81B-45F0-BDBF-BF9C228AA2CB}.Release|ARM.ActiveCfg = Release|ARM
		{3A980FA3-A81B-45F0-BDBF-BF9C228AA2CB}.Release|ARM.Build.0 = Release|ARM
		{3A980FA3-A81B-45F0-BDBF-BF9C228AA2CB}.Release|x64.ActiveCfg = Release|x64
		{3A980FA3-A81B-45F0-BDBF-BF9C228AA2CB}.Release|x64.Build.0 = Release|x64
		{3A980FA3-A81B-45F0-BDBF-BF9C228AA2CB}.Release|x86.ActiveCfg = Release|Win32
		{3A980FA3-A81B-45F0-BDBF-BF9C228AA2CB}.Release|x86.Build.0 = Release|Win32
		{21F3CF6B-90EE-4FF7-8C2C-63C730B1EA96}.Debug|ARM.ActiveCfg = Debug|ARM
		{21F3CF6B-90EE-4FF7-8C2C-63C730B1EA96}.Debug|ARM.Build.0 = Debug|ARM
		{21F3CF6B-90EE-4FF7-8C2C-63C730B1EA96}.Debug|x64.ActiveCfg = Debug|x64
		{21F3CF6B-90EE-4FF7-8C2C-63C730B1EA96}.Debug|x64.Build.0 = Debug|x64
		{21F3CF6B-90EE-4FF7-8C2C-63C730B1EA96}.Debug|x86.ActiveCfg = Debug|Win32
		{21F3CF6B-90EE-4FF7-8C2C-63C730B1EA96}.Debug|x86.Build.0 = Debug|Win32
		{21F3CF6B-90EE-4FF7-8C2C-63C730B1EA96}.Release|ARM.ActiveCfg = Release|ARM
		{21F3CF6B-90EE-4FF7-8C2C-63C730B1EA96}.Release|ARM.Build.0 = Release|ARM
		{21F3CF6B-90EE-4FF7-8C2C-63C730B1EA96}.Release|x64.ActiveCfg = Release|x64
		{21F3CF6B-90EE-4FF7-8C2C-63C730B1EA96}.Release|x64.Build.0 = Release|x64
		{21F3CF6B-90EE-4FF7-8C2C-63C730B1EA96}.Release|x86.ActiveCfg = Release|Win32
		{21F3CF6B-90EE-4FF7-8C2C-63C730B1EA96}.Release|x86.Build.0 = Release|Win32
		{A2CFC8AA-5E29-46B0-B922-96464E494AB5}.Debug|ARM.ActiveCfg = Debug|ARM
		{A2CFC8AA-5E29-46B0-B922-96464E494AB5}.Debug|ARM.Build.0 = Debug|ARM
		{A2CFC8AA-5E29-46B0-B922-96464E494AB5}.Debug|x64.ActiveCfg = Debug|x64
		{A2CFC8AA-5E29-46B0-B922-96464E494AB5}.Debug|x64.Build.0 = Debug|x64
		{A2CFC8AA-5E29-46B0-B922-96464E494AB5}.Debug|x86.ActiveCfg = Debug|Win32
		{A2CFC8AA-5E29-46B0-B922-96464E494AB5}.Debug|x86.Build.0 = Debug|Win32
		{A2CFC8AA-5E29-46B0-B922-96464E494AB5}.Release|ARM.ActiveCfg = Release|ARM
		{A2CFC8AA-5E29-46B0-B922-96464E494AB5}.Release|ARM.Build.0 = Release|ARM
		{A2CFC8AA-5E29-46B0-B922-96464E494AB5}.Release|x64.ActiveCfg = Release|x64
		{A2CFC8AA-5E29-46B0-B922-96464E494AB5}.Release|x64.Build.0 = Release|x64
		{A2CFC8AA-5E29-46B0-B922-96464E494AB5}.Release|x86.ActiveCfg = Release|Win32
		{A2CFC8AA-5E29-46B0-B922-96464E494AB5}.Release|x86.Build.0 = Release|Win32
		{E128EA74-073A-4B2A-9B7F-11DA405A900D}.Debug|ARM.ActiveCfg = Debug|ARM
		{E128EA74-073A-4B2A-9B7F-11DA405A900D}.Debug|ARM.Build.0 = Debug|ARM
		{E128EA74-073A-4B2A-9B7F-11DA405A900D}.Debug|x64.ActiveCfg = Debug|x64
		{E128EA74-073A-4B2A-9B7F-11DA405A900D}.Debug|x64.Build.0 = Debug|x64
		{E128EA74-073A-4B2A-9B7F-11DA405A900D}.Debug|x86.ActiveCfg = Debug|Win32
		{E128EA74-073A-4B2A-9B7F-11DA405A900D}.Debug|x86.Build.0 = Debug|Win32
		{E128EA74-073A-4B2A-9B7F-11DA405A900D}.Release|ARM.ActiveCfg = Release|ARM
		{E128EA74-073A-4B2A-9B7F-11DA405A900D}.Release|ARM.Build.0 = Release|ARM
		{E128EA74-073A-4B2A-9B7F-11DA405A900D}.Release|x64.ActiveCfg = Release|x64
		{E128EA74-073A-4B2A-9B7F-11DA405A900D}.Release|x64.Build.0 = Release|x64
		{E128EA74-073A-4B2A-9B7F-11DA405A900D}.Release|x86.ActiveCfg = Release|Win32
		{E128EA74-073A-4B2A-9B7F-11DA405A900D}.Release|x86.Build.0 = Release|Win32
		{FF95871D-191D-47D0-9E46-73EE7B639AA3}.Debug|ARM.ActiveCfg = Debug|ARM
		{FF95871D-191D-47D0-9E46-73EE7B639AA3}.Debug|ARM.Build.0 = Debug|ARM
		{FF95871D-191D-47D0-9E46-73EE7B639AA3}.Debug|x64.ActiveCfg = Debug|x64
		{FF95871D-191D-47D0-9E46-73EE7B639AA3}.Debug|x64.Build.0 = Debug|x64
		{FF95871D-191D-47D0-9E46-73EE7B639AA3}.Debug|x86.ActiveCfg = Debug|Win32
		{FF95871D-191D-47D0-9E46-73EE7B639AA3}.Debug|x86.Build.0 = Debug|Win32
		{FF95871D-191D-47D0-9E46-73EE7B639AA3}.Release|ARM.ActiveCfg = Release|ARM
		{FF95871D-191D-47D0-9E46-73EE7B639AA3}.Release|ARM.Build.0 = Release|ARM
		{FF95871D-191D-47D0-9E46-73EE7B639AA3}.Release|x64.ActiveCfg = Release|x64
		{FF95871D-191D-47D0-9E46-73EE7B639AA3}.Release|x64.Build.0 = Release|x64
		{FF95871D-191D-47D0-9E46-73EE7B639AA3}.Release|x86.ActiveCfg = Release|Win32
		{FF95871D-191D-47D0-9E46-73EE7B639AA3}.Release|x86.Build.0 = Release|Win32
		{DDF9E0F2-319A-4330-8910-5E3F96EE549C}.Debug|ARM.ActiveCfg = Debug|ARM
		{DDF9E0F2-319A-4330-8910-5E3F96EE549C}.Debug|ARM.Build.0 = Debug|ARM
		{DDF9E0F2-319A-4330-8910-5E3F96EE549C}.Debug|x64.ActiveCfg = Debug|x64
		{DDF9E0F2-319A-4330-8910-5E3F96EE549C}.Debug|x64.Build.0 = Debug|x64
		{DDF9E0F2-319A-4330-8910-5E3F96EE549C}.Debug|x86.ActiveCfg = Debug|Win32
		{DDF9E0F2-319A-4330-8910-5E3F96EE549C}.Debug|x86.Build.0 = Debug|Win32
		{DDF9E0F2-319A-4330-8910-5E3F96EE549C}.Release|ARM.ActiveCfg = Release|ARM
		{DDF9E0F2-319A-4330-8910-5E3F96EE549C}.Release|ARM.Build.0 = Release|ARM
		{DDF9E0F2-319A-4330-8910-5E3F96EE549C}.Release|x64.ActiveCfg = Release|x64
		{DDF9E0F2-319A-4330-8910-5E3F96EE549C}.Release|x64.Build.0 = Release|x64
		{DDF9E0F2-319A-4330-8910-5E3F96EE549C}.Release|x86.ActiveCfg = Release|Win32
		{DDF9E0F2-319A-4330-8910-5E3F96EE549C}.Release|x86.Build.0 = Release|Win32
	EndGlobalSection
	GlobalSection(SolutionProperties) = preSolution
		HideSolutionNode = FALSE
	EndGlobalSection
	GlobalSection(NestedProjects) = preSolution
		{70D8ED40-C65A-44D1-B718-E9331ADFC989} = {F767D1FB-9C38-4483-9E26-9B2562B443C5}
		{9024B266-58FC-4965-82B5-779E9C86CA03} = {F767D1FB-9C38-4483-9E26-9B2562B443C5}
		{D71B7002-49BA-443E-8E94-D09C3D24A6A5} = {9024B266-58FC-4965-82B5-779E9C86CA03}
		{C9B0EEA2-46F6-4C63-805C-FDE80D840F5D} = {9024B266-58FC-4965-82B5-779E9C86CA03}
		{24A96CB6-8A8E-4A57-9D90-31E6AEABDA49} = {F767D1FB-9C38-4483-9E26-9B2562B443C5}
		{3A980FA3-A81B-45F0-BDBF-BF9C228AA2CB} = {F767D1FB-9C38-4483-9E26-9B2562B443C5}
		{21F3CF6B-90EE-4FF7-8C2C-63C730B1EA96} = {AC316B05-1EEF-4836-8E59-F4F3A3EC4C0E}
		{A2CFC8AA-5E29-46B0-B922-96464E494AB5} = {F767D1FB-9C38-4483-9E26-9B2562B443C5}
		{E128EA74-073A-4B2A-9B7F-11DA405A900D} = {AC316B05-1EEF-4836-8E59-F4F3A3EC4C0E}
		{FF95871D-191D-47D0-9E46-73EE7B639AA3} = {AC316B05-1EEF-4836-8E59-F4F3A3EC4C0E}
		{DDF9E0F2-319A-4330-8910-5E3F96EE549C} = {AC316B05-1EEF-4836-8E59-F4F3A3EC4C0E}
	EndGlobalSection
	GlobalSection(ExtensibilityGlobals) = postSolution
		SolutionGuid = {CA5D75C0-74DC-44C8-AD43-3C3BA4755FB3}
	EndGlobalSection
EndGlobal
