<?xml version="1.0" encoding="utf-8"?>
<Project ToolsVersion="4.0" xmlns="http://schemas.microsoft.com/developer/msbuild/2003">
  <ItemGroup>
    <Filter Include="Source Files">
      <UniqueIdentifier>{4FC737F1-C7A5-4376-A066-2A32D752A2FF}</UniqueIdentifier>
      <Extensions>cpp;c;cc;cxx;def;odl;idl;hpj;bat;asm;asmx</Extensions>
    </Filter>
    <Filter Include="Header Files">
      <UniqueIdentifier>{93995380-89BD-4b04-88EB-625FBE52EBFB}</UniqueIdentifier>
      <Extensions>h;hh;hpp;hxx;hm;inl;inc;ipp;xsd</Extensions>
    </Filter>
    <Filter Include="Resource Files">
      <UniqueIdentifier>{67DA6AB6-F800-4c08-8B7A-83BB121AAD01}</UniqueIdentifier>
      <Extensions>rc;ico;cur;bmp;dlg;rc2;rct;bin;rgs;gif;jpg;jpeg;jpe;resx;tiff;tif;png;wav;mfcribbon-ms</Extensions>
    </Filter>
    <Filter Include="Header Files\include">
      <UniqueIdentifier>{a914bab3-f5ca-4925-b605-9ba2c66275e2}</UniqueIdentifier>
    </Filter>
    <Filter Include="Header Files\include\rpc">
      <UniqueIdentifier>{3581baab-9c35-4675-af7c-dfa711b79ced}</UniqueIdentifier>
    </Filter>
    <Filter Include="Header Files\include\sys">
      <UniqueIdentifier>{705bb040-bf85-4563-97b1-9e0f75b27ac0}</UniqueIdentifier>
    </Filter>
    <Filter Include="Header Files\include\.wlac_specific">
      <UniqueIdentifier>{7076688e-a01e-49e4-8efa-2626ff8333ae}</UniqueIdentifier>
    </Filter>
    <Filter Include="Header Files\include\.wlac_specific\.privatei">
      <UniqueIdentifier>{64759761-a3c3-4e9f-8def-d832879483de}</UniqueIdentifier>
    </Filter>
    <Filter Include="Header Files\include\.wlac_specific\first_includes">
      <UniqueIdentifier>{27b877d4-991f-4dc0-a0da-e03e825565c8}</UniqueIdentifier>
    </Filter>
    <Filter Include="Header Files\include\.wlac_specific\redesigned">
      <UniqueIdentifier>{97b5cdc4-2054-4c17-a755-81f021a79f43}</UniqueIdentifier>
    </Filter>
    <Filter Include="Header Files\include\.wlac_specific\redesigned\sys">
      <UniqueIdentifier>{4eee206e-17d5-4e93-acb0-84e25fe2b81b}</UniqueIdentifier>
    </Filter>
    <Filter Include="Header Files\include\.wlac_specific\rfc">
      <UniqueIdentifier>{4bc8f8bc-fa60-4e76-a70b-eddaf5802554}</UniqueIdentifier>
    </Filter>
    <Filter Include="Header Files\include\netinet">
      <UniqueIdentifier>{fb45e2fd-4d86-428b-a2de-590d467c9076}</UniqueIdentifier>
    </Filter>
    <Filter Include="Header Files\src">
      <UniqueIdentifier>{d83c7945-67eb-4f73-a0a9-8570147fd3ec}</UniqueIdentifier>
    </Filter>
    <Filter Include="Header Files\src\include_p">
      <UniqueIdentifier>{c9a36ff8-4898-47c8-9afb-1e45758c4790}</UniqueIdentifier>
    </Filter>
    <Filter Include="Header Files\include\net">
      <UniqueIdentifier>{a95a2d4c-27e7-4a3e-a85b-291d946095e4}</UniqueIdentifier>
    </Filter>
  </ItemGroup>
  <ItemGroup>
    <ClInclude Include="..\..\..\include\rpc\auth.h">
      <Filter>Header Files\include\rpc</Filter>
    </ClInclude>
    <ClInclude Include="..\..\..\include\rpc\auth_uni.h">
      <Filter>Header Files\include\rpc</Filter>
    </ClInclude>
    <ClInclude Include="..\..\..\include\rpc\bcopy.h">
      <Filter>Header Files\include\rpc</Filter>
    </ClInclude>
    <ClInclude Include="..\..\..\include\rpc\clnt.h">
      <Filter>Header Files\include\rpc</Filter>
    </ClInclude>
    <ClInclude Include="..\..\..\include\rpc\netdb.h">
      <Filter>Header Files\include\rpc</Filter>
    </ClInclude>
    <ClInclude Include="..\..\..\include\rpc\pmap_cln.h">
      <Filter>Header Files\include\rpc</Filter>
    </ClInclude>
    <ClInclude Include="..\..\..\include\rpc\pmap_pro.h">
      <Filter>Header Files\include\rpc</Filter>
    </ClInclude>
    <ClInclude Include="..\..\..\include\rpc\pmap_rmt.h">
      <Filter>Header Files\include\rpc</Filter>
    </ClInclude>
    <ClInclude Include="..\..\..\include\rpc\rpc.h">
      <Filter>Header Files\include\rpc</Filter>
    </ClInclude>
    <ClInclude Include="..\..\..\include\rpc\rpc_msg.h">
      <Filter>Header Files\include\rpc</Filter>
    </ClInclude>
    <ClInclude Include="..\..\..\include\rpc\svc.h">
      <Filter>Header Files\include\rpc</Filter>
    </ClInclude>
    <ClInclude Include="..\..\..\include\rpc\svc_auth.h">
      <Filter>Header Files\include\rpc</Filter>
    </ClInclude>
    <ClInclude Include="..\..\..\include\rpc\types.h">
      <Filter>Header Files\include\rpc</Filter>
    </ClInclude>
    <ClInclude Include="..\..\..\include\rpc\wlac2_sunrpc_internal.h">
      <Filter>Header Files\include\rpc</Filter>
    </ClInclude>
    <ClInclude Include="..\..\..\include\rpc\xdr.h">
      <Filter>Header Files\include\rpc</Filter>
    </ClInclude>
    <ClInclude Include="..\..\..\include\unistd.h">
      <Filter>Header Files\include</Filter>
    </ClInclude>
    <ClInclude Include="..\..\..\include\sys\ioctl.h">
      <Filter>Header Files\include\sys</Filter>
    </ClInclude>
    <ClInclude Include="..\..\..\include\sys\ipc.h">
      <Filter>Header Files\include\sys</Filter>
    </ClInclude>
    <ClInclude Include="..\..\..\include\sys\sem.h">
      <Filter>Header Files\include\sys</Filter>
    </ClInclude>
    <ClInclude Include="..\..\..\include\sys\shm.h">
      <Filter>Header Files\include\sys</Filter>
    </ClInclude>
    <ClInclude Include="..\..\..\include\strings.h">
      <Filter>Header Files\include</Filter>
    </ClInclude>
    <ClInclude Include="..\..\..\include\ldap.h">
      <Filter>Header Files\include</Filter>
    </ClInclude>
    <ClInclude Include="..\..\..\include\lber.h">
      <Filter>Header Files\include</Filter>
    </ClInclude>
    <ClInclude Include="..\..\..\include\pwd.h">
      <Filter>Header Files\include</Filter>
    </ClInclude>
    <ClInclude Include="..\..\..\include\pthread.h">
      <Filter>Header Files\include</Filter>
    </ClInclude>
    <ClInclude Include="..\..\..\include\sys\time.h">
      <Filter>Header Files\include\sys</Filter>
    </ClInclude>
    <ClInclude Include="..\..\..\include\.wlac_specific\.privatei\header_for_resolving_errno.h">
      <Filter>Header Files\include\.wlac_specific\.privatei</Filter>
    </ClInclude>
    <ClInclude Include="..\..\..\include\.wlac_specific\.privatei\windows_and_socket_headers.h">
      <Filter>Header Files\include\.wlac_specific\.privatei</Filter>
    </ClInclude>
    <ClInclude Include="..\..\..\include\.wlac_specific\first_includes\common_definations_wul.h">
      <Filter>Header Files\include\.wlac_specific\first_includes</Filter>
    </ClInclude>
    <ClInclude Include="..\..\..\include\.wlac_specific\first_includes\common_include_for_headers.h">
      <Filter>Header Files\include\.wlac_specific\first_includes</Filter>
    </ClInclude>
    <ClInclude Include="..\..\..\include\.wlac_specific\redesigned\direct.h">
      <Filter>Header Files\include\.wlac_specific\redesigned</Filter>
    </ClInclude>
    <ClInclude Include="..\..\..\include\.wlac_specific\redesigned\errno.h">
      <Filter>Header Files\include\.wlac_specific\redesigned</Filter>
    </ClInclude>
    <ClInclude Include="..\..\..\include\.wlac_specific\redesigned\fcntl.h">
      <Filter>Header Files\include\.wlac_specific\redesigned</Filter>
    </ClInclude>
    <ClInclude Include="..\..\..\include\.wlac_specific\redesigned\impl.std_wlac_fios.hpp">
      <Filter>Header Files\include\.wlac_specific\redesigned</Filter>
    </ClInclude>
    <ClInclude Include="..\..\..\include\.wlac_specific\redesigned\io.h">
      <Filter>Header Files\include\.wlac_specific\redesigned</Filter>
    </ClInclude>
    <ClInclude Include="..\..\..\include\.wlac_specific\redesigned\process.h">
      <Filter>Header Files\include\.wlac_specific\redesigned</Filter>
    </ClInclude>
    <ClInclude Include="..\..\..\include\.wlac_specific\redesigned\rpc.h">
      <Filter>Header Files\include\.wlac_specific\redesigned</Filter>
    </ClInclude>
    <ClInclude Include="..\..\..\include\.wlac_specific\redesigned\signal.h">
      <Filter>Header Files\include\.wlac_specific\redesigned</Filter>
    </ClInclude>
    <ClInclude Include="..\..\..\include\.wlac_specific\redesigned\std_wlac_fios.hpp">
      <Filter>Header Files\include\.wlac_specific\redesigned</Filter>
    </ClInclude>
    <ClInclude Include="..\..\..\include\.wlac_specific\redesigned\stddef.h">
      <Filter>Header Files\include\.wlac_specific\redesigned</Filter>
    </ClInclude>
    <ClInclude Include="..\..\..\include\.wlac_specific\redesigned\stdio.h">
      <Filter>Header Files\include\.wlac_specific\redesigned</Filter>
    </ClInclude>
    <ClInclude Include="..\..\..\include\.wlac_specific\redesigned\stdlib.h">
      <Filter>Header Files\include\.wlac_specific\redesigned</Filter>
    </ClInclude>
    <ClInclude Include="..\..\..\include\.wlac_specific\redesigned\string.h">
      <Filter>Header Files\include\.wlac_specific\redesigned</Filter>
    </ClInclude>
    <ClInclude Include="..\..\..\include\.wlac_specific\redesigned\time.h">
      <Filter>Header Files\include\.wlac_specific\redesigned</Filter>
    </ClInclude>
    <ClInclude Include="..\..\..\include\.wlac_specific\redesigned\wchar.h">
      <Filter>Header Files\include\.wlac_specific\redesigned</Filter>
    </ClInclude>
    <ClInclude Include="..\..\..\include\.wlac_specific\redesigned\windows.h">
      <Filter>Header Files\include\.wlac_specific\redesigned</Filter>
    </ClInclude>
    <ClInclude Include="..\..\..\include\.wlac_specific\redesigned\winsock2.h">
      <Filter>Header Files\include\.wlac_specific\redesigned</Filter>
    </ClInclude>
    <ClInclude Include="..\..\..\include\.wlac_specific\redesigned\ws2tcpip.h">
      <Filter>Header Files\include\.wlac_specific\redesigned</Filter>
    </ClInclude>
    <ClInclude Include="..\..\..\include\.wlac_specific\redesigned\sys\stat.h">
      <Filter>Header Files\include\.wlac_specific\redesigned\sys</Filter>
    </ClInclude>
    <ClInclude Include="..\..\..\include\.wlac_specific\redesigned\sys\types.h">
      <Filter>Header Files\include\.wlac_specific\redesigned\sys</Filter>
    </ClInclude>
    <ClInclude Include="..\..\..\include\.wlac_specific\rfc\functions_libgui_hacker.h">
      <Filter>Header Files\include\.wlac_specific\rfc</Filter>
    </ClInclude>
    <ClInclude Include="..\..\..\include\.wlac_specific\rfc\functions_libgui_hacker_base.h">
      <Filter>Header Files\include\.wlac_specific\rfc</Filter>
    </ClInclude>
    <ClInclude Include="..\..\..\include\.wlac_specific\rfc\remote_function_caller.h">
      <Filter>Header Files\include\.wlac_specific\rfc</Filter>
    </ClInclude>
    <ClInclude Include="..\..\..\include\.wlac_specific\rfc\remote_function_caller_base.h">
      <Filter>Header Files\include\.wlac_specific\rfc</Filter>
    </ClInclude>
    <ClInclude Include="..\..\..\include\.wlac_specific\rfc\win_signaling.h">
      <Filter>Header Files\include\.wlac_specific\rfc</Filter>
    </ClInclude>
    <ClInclude Include="..\..\..\include\.wlac_specific\rfc\windows_signal.h">
      <Filter>Header Files\include\.wlac_specific\rfc</Filter>
    </ClInclude>
    <ClInclude Include="..\..\..\include\.wlac_specific\rfc\wlac_rfc.h">
      <Filter>Header Files\include\.wlac_specific\rfc</Filter>
    </ClInclude>
    <ClInclude Include="..\..\..\include\sys\socket.h">
      <Filter>Header Files\include\sys</Filter>
    </ClInclude>
    <ClInclude Include="..\..\..\include\netinet\in.h">
      <Filter>Header Files\include\netinet</Filter>
    </ClInclude>
    <ClInclude Include="..\..\..\include\poll.h">
      <Filter>Header Files\include</Filter>
    </ClInclude>
    <ClInclude Include="..\..\..\include\.wlac_specific\first_includes\wlac2_common_internal.h">
      <Filter>Header Files\include\.wlac_specific\first_includes</Filter>
    </ClInclude>
    <ClInclude Include="..\..\..\src\include_p\wlac_list_and_hashtables.h">
      <Filter>Header Files\src\include_p</Filter>
    </ClInclude>
    <ClInclude Include="..\..\..\src\include_p\wlac_threading_private.h">
      <Filter>Header Files\src\include_p</Filter>
    </ClInclude>
    <ClInclude Include="..\..\..\src\include_p\wlac_internal_private.h">
      <Filter>Header Files\src\include_p</Filter>
    </ClInclude>
    <ClInclude Include="..\..\..\include\net\if.h">
      <Filter>Header Files\include\net</Filter>
    </ClInclude>
  </ItemGroup>
  <ItemGroup>
    <ClCompile Include="..\..\..\src\wlac2\wlac2_library_entry_point.c">
      <Filter>Source Files</Filter>
    </ClCompile>
    <ClCompile Include="..\..\..\src\wlac2\wlac_list_and_hashtables.c">
      <Filter>Source Files</Filter>
    </ClCompile>
    <ClCompile Include="..\..\..\src\wlac2\wlac2_unix_like_signaling.c">
      <Filter>Source Files</Filter>
    </ClCompile>
    <ClCompile Include="..\..\..\src\wlac2\wlac2_threading.c">
      <Filter>Source Files</Filter>
    </ClCompile>
    <ClCompile Include="..\..\..\src\wlac2\wlac_timing_functions.c">
      <Filter>Source Files</Filter>
    </ClCompile>
    <ClCompile Include="..\..\..\src\wlac2\wlac_different_functions.c">
      <Filter>Source Files</Filter>
    </ClCompile>
    <ClCompile Include="..\..\..\src\wlac2\unix_emul_source_half_implemet.cpp">
      <Filter>Source Files</Filter>
    </ClCompile>
    <ClCompile Include="..\..\..\src\wlac2\gem_ipc_source.cpp">
      <Filter>Source Files</Filter>
    </ClCompile>
    <ClCompile Include="..\..\..\src\wlac2\unix_sync_objects.cpp">
      <Filter>Source Files</Filter>
    </ClCompile>
    <ClCompile Include="..\..\..\src\wlac2\gem_networking.cpp">
      <Filter>Source Files</Filter>
    </ClCompile>
  </ItemGroup>
  <ItemGroup>
    <None Include="..\..\..\include\.wlac_specific\redesigned\fstream">
      <Filter>Header Files\include\.wlac_specific\redesigned</Filter>
    </None>
  </ItemGroup>
  <ItemGroup>
    <Text Include="..\..\..\include\.wlac_specific\rfc\readme.txt">
      <Filter>Header Files\include\.wlac_specific\rfc</Filter>
    </Text>
  </ItemGroup>
</Project>